// !$*UTF8*$!
{
	archiveVersion = 1;
	classes = {
	};
	objectVersion = 46;
	objects = {

/* Begin PBXBuildFile section */
		D20CAE9A1EC67E8700171F10 /* AppDelegate.swift in Sources */ = {isa = PBXBuildFile; fileRef = D20CAE991EC67E8700171F10 /* AppDelegate.swift */; };
		D20CAE9C1EC67E8700171F10 /* ViewController.swift in Sources */ = {isa = PBXBuildFile; fileRef = D20CAE9B1EC67E8700171F10 /* ViewController.swift */; };
		D20CAE9F1EC67E8700171F10 /* Main.storyboard in Resources */ = {isa = PBXBuildFile; fileRef = D20CAE9D1EC67E8700171F10 /* Main.storyboard */; };
		D20CAEA11EC67E8700171F10 /* Assets.xcassets in Resources */ = {isa = PBXBuildFile; fileRef = D20CAEA01EC67E8700171F10 /* Assets.xcassets */; };
		D20CAEA41EC67E8700171F10 /* LaunchScreen.storyboard in Resources */ = {isa = PBXBuildFile; fileRef = D20CAEA21EC67E8700171F10 /* LaunchScreen.storyboard */; };
/* End PBXBuildFile section */

/* Begin PBXFileReference section */
		D20CAE961EC67E8700171F10 /* natcode_00_00_CALayer101.app */ = {isa = PBXFileReference; explicitFileType = wrapper.application; includeInIndex = 0; path = natcode_00_00_CALayer101.app; sourceTree = BUILT_PRODUCTS_DIR; };
		D20CAE991EC67E8700171F10 /* AppDelegate.swift */ = {isa = PBXFileReference; lastKnownFileType = sourcecode.swift; path = AppDelegate.swift; sourceTree = "<group>"; };
		D20CAE9B1EC67E8700171F10 /* ViewController.swift */ = {isa = PBXFileReference; lastKnownFileType = sourcecode.swift; path = ViewController.swift; sourceTree = "<group>"; };
		D20CAE9E1EC67E8700171F10 /* Base */ = {isa = PBXFileReference; lastKnownFileType = file.storyboard; name = Base; path = Base.lproj/Main.storyboard; sourceTree = "<group>"; };
		D20CAEA01EC67E8700171F10 /* Assets.xcassets */ = {isa = PBXFileReference; lastKnownFileType = folder.assetcatalog; path = Assets.xcassets; sourceTree = "<group>"; };
		D20CAEA31EC67E8700171F10 /* Base */ = {isa = PBXFileReference; lastKnownFileType = file.storyboard; name = Base; path = Base.lproj/LaunchScreen.storyboard; sourceTree = "<group>"; };
		D20CAEA51EC67E8700171F10 /* Info.plist */ = {isa = PBXFileReference; lastKnownFileType = text.plist.xml; path = Info.plist; sourceTree = "<group>"; };
/* End PBXFileReference section */

/* Begin PBXFrameworksBuildPhase section */
		D20CAE931EC67E8700171F10 /* Frameworks */ = {
			isa = PBXFrameworksBuildPhase;
			buildActionMask = 2147483647;
			files = (
			);
			runOnlyForDeploymentPostprocessing = 0;
		};
/* End PBXFrameworksBuildPhase section */

/* Begin PBXGroup section */
		D20CAE8D1EC67E8700171F10 = {
			isa = PBXGroup;
			children = (
				D20CAE981EC67E8700171F10 /* natcode_00_00_CALayer101 */,
				D20CAE971EC67E8700171F10 /* Products */,
			);
			sourceTree = "<group>";
		};
		D20CAE971EC67E8700171F10 /* Products */ = {
			isa = PBXGroup;
			children = (
				D20CAE961EC67E8700171F10 /* natcode_00_00_CALayer101.app */,
			);
			name = Products;
			sourceTree = "<group>";
		};
		D20CAE981EC67E8700171F10 /* natcode_00_00_CALayer101 */ = {
			isa = PBXGroup;
			children = (
				D20CAE991EC67E8700171F10 /* AppDelegate.swift */,
				D20CAE9B1EC67E8700171F10 /* ViewController.swift */,
				D20CAE9D1EC67E8700171F10 /* Main.storyboard */,
				D20CAEA01EC67E8700171F10 /* Assets.xcassets */,
				D20CAEA21EC67E8700171F10 /* LaunchScreen.storyboard */,
				D20CAEA51EC67E8700171F10 /* Info.plist */,
			);
			path = natcode_00_00_CALayer101;
			sourceTree = "<group>";
		};
/* End PBXGroup section */

/* Begin PBXNativeTarget section */
		D20CAE951EC67E8700171F10 /* natcode_00_00_CALayer101 */ = {
			isa = PBXNativeTarget;
			buildConfigurationList = D20CAEA81EC67E8700171F10 /* Build configuration list for PBXNativeTarget "natcode_00_00_CALayer101" */;
			buildPhases = (
				D20CAE921EC67E8700171F10 /* Sources */,
				D20CAE931EC67E8700171F10 /* Frameworks */,
				D20CAE941EC67E8700171F10 /* Resources */,
			);
			buildRules = (
			);
			dependencies = (
			);
			name = natcode_00_00_CALayer101;
			productName = natcode_00_00_CALayer101;
			productReference = D20CAE961EC67E8700171F10 /* natcode_00_00_CALayer101.app */;
			productType = "com.apple.product-type.application";
		};
/* End PBXNativeTarget section */

/* Begin PBXProject section */
		D20CAE8E1EC67E8700171F10 /* Project object */ = {
			isa = PBXProject;
			attributes = {
				LastSwiftUpdateCheck = 0820;
				LastUpgradeCheck = 0820;
				ORGANIZATIONNAME = carlynorama;
				TargetAttributes = {
					D20CAE951EC67E8700171F10 = {
						CreatedOnToolsVersion = 8.2;
						DevelopmentTeam = KH3G9PXA68;
						ProvisioningStyle = Automatic;
					};
				};
			};
			buildConfigurationList = D20CAE911EC67E8700171F10 /* Build configuration list for PBXProject "natcode_00_00_CALayer101" */;
			compatibilityVersion = "Xcode 3.2";
			developmentRegion = English;
			hasScannedForEncodings = 0;
			knownRegions = (
				en,
				Base,
			);
			mainGroup = D20CAE8D1EC67E8700171F10;
			productRefGroup = D20CAE971EC67E8700171F10 /* Products */;
			projectDirPath = "";
			projectRoot = "";
			targets = (
				D20CAE951EC67E8700171F10 /* natcode_00_00_CALayer101 */,
			);
		};
/* End PBXProject section */

/* Begin PBXResourcesBuildPhase section */
		D20CAE941EC67E8700171F10 /* Resources */ = {
			isa = PBXResourcesBuildPhase;
			buildActionMask = 2147483647;
			files = (
				D20CAEA41EC67E8700171F10 /* LaunchScreen.storyboard in Resources */,
				D20CAEA11EC67E8700171F10 /* Assets.xcassets in Resources */,
				D20CAE9F1EC67E8700171F10 /* Main.storyboard in Resources */,
			);
			runOnlyForDeploymentPostprocessing = 0;
		};
/* End PBXResourcesBuildPhase section */

/* Begin PBXSourcesBuildPhase section */
		D20CAE921EC67E8700171F10 /* Sources */ = {
			isa = PBXSourcesBuildPhase;
			buildActionMask = 2147483647;
			files = (
				D20CAE9C1EC67E8700171F10 /* ViewController.swift in Sources */,
				D20CAE9A1EC67E8700171F10 /* AppDelegate.swift in Sources */,
			);
			runOnlyForDeploymentPostprocessing = 0;
		};
/* End PBXSourcesBuildPhase section */

/* Begin PBXVariantGroup section */
		D20CAE9D1EC67E8700171F10 /* Main.storyboard */ = {
			isa = PBXVariantGroup;
			children = (
				D20CAE9E1EC67E8700171F10 /* Base */,
			);
			name = Main.storyboard;
			sourceTree = "<group>";
		};
		D20CAEA21EC67E8700171F10 /* LaunchScreen.storyboard */ = {
			isa = PBXVariantGroup;
			children = (
				D20CAEA31EC67E8700171F10 /* Base */,
			);
			name = LaunchScreen.storyboard;
			sourceTree = "<group>";
		};
/* End PBXVariantGroup section */

/* Begin XCBuildConfiguration section */
		D20CAEA61EC67E8700171F10 /* Debug */ = {
			isa = XCBuildConfiguration;
			buildSettings = {
				ALWAYS_SEARCH_USER_PATHS = NO;
				CLANG_ANALYZER_NONNULL = YES;
				CLANG_CXX_LANGUAGE_STANDARD = "gnu++0x";
				CLANG_CXX_LIBRARY = "libc++";
				CLANG_ENABLE_MODULES = YES;
				CLANG_ENABLE_OBJC_ARC = YES;
				CLANG_WARN_BOOL_CONVERSION = YES;
				CLANG_WARN_CONSTANT_CONVERSION = YES;
				CLANG_WARN_DIRECT_OBJC_ISA_USAGE = YES_ERROR;
				CLANG_WARN_DOCUMENTATION_COMMENTS = YES;
				CLANG_WARN_EMPTY_BODY = YES;
				CLANG_WARN_ENUM_CONVERSION = YES;
				CLANG_WARN_INFINITE_RECURSION = YES;
				CLANG_WARN_INT_CONVERSION = YES;
				CLANG_WARN_OBJC_ROOT_CLASS = YES_ERROR;
				CLANG_WARN_SUSPICIOUS_MOVE = YES;
				CLANG_WARN_UNREACHABLE_CODE = YES;
				CLANG_WARN__DUPLICATE_METHOD_MATCH = YES;
				"CODE_SIGN_IDENTITY[sdk=iphoneos*]" = "iPhone Developer";
				COPY_PHASE_STRIP = NO;
				DEBUG_INFORMATION_FORMAT = dwarf;
				ENABLE_STRICT_OBJC_MSGSEND = YES;
				ENABLE_TESTABILITY = YES;
				GCC_C_LANGUAGE_STANDARD = gnu99;
				GCC_DYNAMIC_NO_PIC = NO;
				GCC_NO_COMMON_BLOCKS = YES;
				GCC_OPTIMIZATION_LEVEL = 0;
				GCC_PREPROCESSOR_DEFINITIONS = (
					"DEBUG=1",
					"$(inherited)",
				);
				GCC_WARN_64_TO_32_BIT_CONVERSION = YES;
				GCC_WARN_ABOUT_RETURN_TYPE = YES_ERROR;
				GCC_WARN_UNDECLARED_SELECTOR = YES;
				GCC_WARN_UNINITIALIZED_AUTOS = YES_AGGRESSIVE;
				GCC_WARN_UNUSED_FUNCTION = YES;
				GCC_WARN_UNUSED_VARIABLE = YES;
				IPHONEOS_DEPLOYMENT_TARGET = 10.2;
				MTL_ENABLE_DEBUG_INFO = YES;
				ONLY_ACTIVE_ARCH = YES;
				SDKROOT = iphoneos;
				SWIFT_ACTIVE_COMPILATION_CONDITIONS = DEBUG;
				SWIFT_OPTIMIZATION_LEVEL = "-Onone";
				TARGETED_DEVICE_FAMILY = "1,2";
			};
			name = Debug;
		};
		D20CAEA71EC67E8700171F10 /* Release */ = {
			isa = XCBuildConfiguration;
			buildSettings = {
				ALWAYS_SEARCH_USER_PATHS = NO;
				CLANG_ANALYZER_NONNULL = YES;
				CLANG_CXX_LANGUAGE_STANDARD = "gnu++0x";
				CLANG_CXX_LIBRARY = "libc++";
				CLANG_ENABLE_MODULES = YES;
				CLANG_ENABLE_OBJC_ARC = YES;
				CLANG_WARN_BOOL_CONVERSION = YES;
				CLANG_WARN_CONSTANT_CONVERSION = YES;
				CLANG_WARN_DIRECT_OBJC_ISA_USAGE = YES_ERROR;
				CLANG_WARN_DOCUMENTATION_COMMENTS = YES;
				CLANG_WARN_EMPTY_BODY = YES;
				CLANG_WARN_ENUM_CONVERSION = YES;
				CLANG_WARN_INFINITE_RECURSION = YES;
				CLANG_WARN_INT_CONVERSION = YES;
				CLANG_WARN_OBJC_ROOT_CLASS = YES_ERROR;
				CLANG_WARN_SUSPICIOUS_MOVE = YES;
				CLANG_WARN_UNREACHABLE_CODE = YES;
				CLANG_WARN__DUPLICATE_METHOD_MATCH = YES;
				"CODE_SIGN_IDENTITY[sdk=iphoneos*]" = "iPhone Developer";
				COPY_PHASE_STRIP = NO;
				DEBUG_INFORMATION_FORMAT = "dwarf-with-dsym";
				ENABLE_NS_ASSERTIONS = NO;
				ENABLE_STRICT_OBJC_MSGSEND = YES;
				GCC_C_LANGUAGE_STANDARD = gnu99;
				GCC_NO_COMMON_BLOCKS = YES;
				GCC_WARN_64_TO_32_BIT_CONVERSION = YES;
				GCC_WARN_ABOUT_RETURN_TYPE = YES_ERROR;
				GCC_WARN_UNDECLARED_SELECTOR = YES;
				GCC_WARN_UNINITIALIZED_AUTOS = YES_AGGRESSIVE;
				GCC_WARN_UNUSED_FUNCTION = YES;
				GCC_WARN_UNUSED_VARIABLE = YES;
				IPHONEOS_DEPLOYMENT_TARGET = 10.2;
				MTL_ENABLE_DEBUG_INFO = NO;
				SDKROOT = iphoneos;
				SWIFT_OPTIMIZATION_LEVEL = "-Owholemodule";
				TARGETED_DEVICE_FAMILY = "1,2";
				VALIDATE_PRODUCT = YES;
			};
			name = Release;
		};
		D20CAEA91EC67E8700171F10 /* Debug */ = {
			isa = XCBuildConfiguration;
			buildSettings = {
				ASSETCATALOG_COMPILER_APPICON_NAME = AppIcon;
				DEVELOPMENT_TEAM = KH3G9PXA68;
				INFOPLIST_FILE = natcode_00_00_CALayer101/Info.plist;
				LD_RUNPATH_SEARCH_PATHS = "$(inherited) @executable_path/Frameworks";
				PRODUCT_BUNDLE_IDENTIFIER = "com.carlynorama.natcode-00-00-CALayer101";
				PRODUCT_NAME = "$(TARGET_NAME)";
				SWIFT_VERSION = 3.0;
			};
			name = Debug;
		};
		D20CAEAA1EC67E8700171F10 /* Release */ = {
			isa = XCBuildConfiguration;
			buildSettings = {
				ASSETCATALOG_COMPILER_APPICON_NAME = AppIcon;
				DEVELOPMENT_TEAM = KH3G9PXA68;
				INFOPLIST_FILE = natcode_00_00_CALayer101/Info.plist;
				LD_RUNPATH_SEARCH_PATHS = "$(inherited) @executable_path/Frameworks";
				PRODUCT_BUNDLE_IDENTIFIER = "com.carlynorama.natcode-00-00-CALayer101";
				PRODUCT_NAME = "$(TARGET_NAME)";
				SWIFT_VERSION = 3.0;
			};
			name = Release;
		};
/* End XCBuildConfiguration section */

/* Begin XCConfigurationList section */
		D20CAE911EC67E8700171F10 /* Build configuration list for PBXProject "natcode_00_00_CALayer101" */ = {
			isa = XCConfigurationList;
			buildConfigurations = (
				D20CAEA61EC67E8700171F10 /* Debug */,
				D20CAEA71EC67E8700171F10 /* Release */,
			);
			defaultConfigurationIsVisible = 0;
			defaultConfigurationName = Release;
		};
		D20CAEA81EC67E8700171F10 /* Build configuration list for PBXNativeTarget "natcode_00_00_CALayer101" */ = {
			isa = XCConfigurationList;
			buildConfigurations = (
				D20CAEA91EC67E8700171F10 /* Debug */,
				D20CAEAA1EC67E8700171F10 /* Release */,
			);
			defaultConfigurationIsVisible = 0;
		};
/* End XCConfigurationList section */
	};
	rootObject = D20CAE8E1EC67E8700171F10 /* Project object */;
}
